
Microsoft Visual Studio Solution File, Format Version 12.00
# Visual Studio Version 16
VisualStudioVersion = 16.0.31424.327
MinimumVisualStudioVersion = 10.0.40219.1
Project("{FAE04EC0-301F-11D3-BF4B-00C04F79EFBC}") = "App_Framework", "App_Framework.csproj", "{53C80BCE-A468-4927-B642-7562FFA59EAF}"
EndProject
Global
	GlobalSection(SolutionConfigurationPlatforms) = preSolution
		Debug|Any CPU = Debug|Any CPU
		Release|Any CPU = Release|Any CPU
	EndGlobalSection
	GlobalSection(ProjectConfigurationPlatforms) = postSolution
		{53C80BCE-A468-4927-B642-7562FFA59EAF}.Debug|Any CPU.ActiveCfg = Debug|Any CPU
		{53C80BCE-A468-4927-B642-7562FFA59EAF}.Debug|Any CPU.Build.0 = Debug|Any CPU
		{53C80BCE-A468-4927-B642-7562FFA59EAF}.Release|Any CPU.ActiveCfg = Release|Any CPU
		{53C80BCE-A468-4927-B642-7562FFA59EAF}.Release|Any CPU.Build.0 = Release|Any CPU
	EndGlobalSection
	GlobalSection(SolutionProperties) = preSolution
		HideSolutionNode = FALSE
	EndGlobalSection
	GlobalSection(ExtensibilityGlobals) = postSolution
		SolutionGuid = {7679BBDA-73F7-4E57-B824-DBFA51BBF4D6}
	EndGlobalSection
EndGlobal
